
Microsoft Visual Studio Solution File, Format Version 12.00
# Visual Studio Version 17
VisualStudioVersion = 17.1.32328.378
MinimumVisualStudioVersion = 10.0.40219.1
Project("{9A19103F-16F7-4668-BE54-9A1E7A4F7556}") = "Euvic.StaffTraining.WebAPI", "Euvic.StaffTraining.WebAPI\Euvic.StaffTraining.WebAPI.csproj", "{F3826D9E-55BF-44F7-B083-F9DC9B554CD6}"
EndProject
Project("{9A19103F-16F7-4668-BE54-9A1E7A4F7556}") = "Euvic.StaffTraining.Common", "Euvic.StaffTraining.Common\Euvic.StaffTraining.Common.csproj", "{F4F6D1F6-F899-4013-9B3E-B2DF60993387}"
EndProject
Project("{9A19103F-16F7-4668-BE54-9A1E7A4F7556}") = "Euvic.StaffTraining.Identity", "Euvic.StaffTraining.Identity\Euvic.StaffTraining.Identity.csproj", "{3BCAE2C4-F29E-44C5-B34D-D6C9A87AF00E}"
EndProject
Project("{9A19103F-16F7-4668-BE54-9A1E7A4F7556}") = "Euvic.StaffTraining", "Euvic.StaffTraining\Euvic.StaffTraining.csproj", "{98FE22DF-8895-47F9-BA59-FF4BF7081AE9}"
EndProject
Project("{9A19103F-16F7-4668-BE54-9A1E7A4F7556}") = "Euvic.StaffTraining.Contracts", "Euvic.StaffTrainings.Contracts\Euvic.StaffTraining.Contracts.csproj", "{17A6BF13-21F1-4A6E-92E7-24F66DE36558}"
EndProject
Project("{9A19103F-16F7-4668-BE54-9A1E7A4F7556}") = "Euvic.Cqrs.Primitives", "Euvic.Cqrs.Primitives\Euvic.Cqrs.Primitives.csproj", "{093B50BF-F84C-4AC6-BB55-18839B1F3D97}"
EndProject
Project("{2150E333-8FDC-42A3-9474-1A3956D46DE8}") = "Common", "Common", "{70619E90-61B0-4506-AA9D-DF105DD32BFB}"
EndProject
Project("{2150E333-8FDC-42A3-9474-1A3956D46DE8}") = "Identity", "Identity", "{4D730E6C-7C3E-4F91-871C-D80CC874A5A1}"
EndProject
Project("{9A19103F-16F7-4668-BE54-9A1E7A4F7556}") = "Euvic.IdentityServer", "Euvic.IdentityServer\Euvic.IdentityServer.csproj", "{B68F1EDE-0BFB-4487-82CF-621253D55D12}"
EndProject
Project("{FAE04EC0-301F-11D3-BF4B-00C04F79EFBC}") = "Euvic.Cqrs.PipelineBehaviors", "Euvic.Cqrs.PipelineBehaviors\Euvic.Cqrs.PipelineBehaviors.csproj", "{AE7A4439-1181-4B3B-B99C-C5AE4B278A86}"
EndProject
Global
	GlobalSection(SolutionConfigurationPlatforms) = preSolution
		Debug|Any CPU = Debug|Any CPU
		Release|Any CPU = Release|Any CPU
	EndGlobalSection
	GlobalSection(ProjectConfigurationPlatforms) = postSolution
		{F3826D9E-55BF-44F7-B083-F9DC9B554CD6}.Debug|Any CPU.ActiveCfg = Debug|Any CPU
		{F3826D9E-55BF-44F7-B083-F9DC9B554CD6}.Debug|Any CPU.Build.0 = Debug|Any CPU
		{F3826D9E-55BF-44F7-B083-F9DC9B554CD6}.Release|Any CPU.ActiveCfg = Release|Any CPU
		{F3826D9E-55BF-44F7-B083-F9DC9B554CD6}.Release|Any CPU.Build.0 = Release|Any CPU
		{F4F6D1F6-F899-4013-9B3E-B2DF60993387}.Debug|Any CPU.ActiveCfg = Debug|Any CPU
		{F4F6D1F6-F899-4013-9B3E-B2DF60993387}.Debug|Any CPU.Build.0 = Debug|Any CPU
		{F4F6D1F6-F899-4013-9B3E-B2DF60993387}.Release|Any CPU.ActiveCfg = Release|Any CPU
		{F4F6D1F6-F899-4013-9B3E-B2DF60993387}.Release|Any CPU.Build.0 = Release|Any CPU
		{3BCAE2C4-F29E-44C5-B34D-D6C9A87AF00E}.Debug|Any CPU.ActiveCfg = Debug|Any CPU
		{3BCAE2C4-F29E-44C5-B34D-D6C9A87AF00E}.Debug|Any CPU.Build.0 = Debug|Any CPU
		{3BCAE2C4-F29E-44C5-B34D-D6C9A87AF00E}.Release|Any CPU.ActiveCfg = Release|Any CPU
		{3BCAE2C4-F29E-44C5-B34D-D6C9A87AF00E}.Release|Any CPU.Build.0 = Release|Any CPU
		{98FE22DF-8895-47F9-BA59-FF4BF7081AE9}.Debug|Any CPU.ActiveCfg = Debug|Any CPU
		{98FE22DF-8895-47F9-BA59-FF4BF7081AE9}.Debug|Any CPU.Build.0 = Debug|Any CPU
		{98FE22DF-8895-47F9-BA59-FF4BF7081AE9}.Release|Any CPU.ActiveCfg = Release|Any CPU
		{98FE22DF-8895-47F9-BA59-FF4BF7081AE9}.Release|Any CPU.Build.0 = Release|Any CPU
		{17A6BF13-21F1-4A6E-92E7-24F66DE36558}.Debug|Any CPU.ActiveCfg = Debug|Any CPU
		{17A6BF13-21F1-4A6E-92E7-24F66DE36558}.Debug|Any CPU.Build.0 = Debug|Any CPU
		{17A6BF13-21F1-4A6E-92E7-24F66DE36558}.Release|Any CPU.ActiveCfg = Release|Any CPU
		{17A6BF13-21F1-4A6E-92E7-24F66DE36558}.Release|Any CPU.Build.0 = Release|Any CPU
		{093B50BF-F84C-4AC6-BB55-18839B1F3D97}.Debug|Any CPU.ActiveCfg = Debug|Any CPU
		{093B50BF-F84C-4AC6-BB55-18839B1F3D97}.Debug|Any CPU.Build.0 = Debug|Any CPU
		{093B50BF-F84C-4AC6-BB55-18839B1F3D97}.Release|Any CPU.ActiveCfg = Release|Any CPU
		{093B50BF-F84C-4AC6-BB55-18839B1F3D97}.Release|Any CPU.Build.0 = Release|Any CPU
		{B68F1EDE-0BFB-4487-82CF-621253D55D12}.Debug|Any CPU.ActiveCfg = Debug|Any CPU
		{B68F1EDE-0BFB-4487-82CF-621253D55D12}.Debug|Any CPU.Build.0 = Debug|Any CPU
		{B68F1EDE-0BFB-4487-82CF-621253D55D12}.Release|Any CPU.ActiveCfg = Release|Any CPU
		{B68F1EDE-0BFB-4487-82CF-621253D55D12}.Release|Any CPU.Build.0 = Release|Any CPU
		{AE7A4439-1181-4B3B-B99C-C5AE4B278A86}.Debug|Any CPU.ActiveCfg = Debug|Any CPU
		{AE7A4439-1181-4B3B-B99C-C5AE4B278A86}.Debug|Any CPU.Build.0 = Debug|Any CPU
		{AE7A4439-1181-4B3B-B99C-C5AE4B278A86}.Release|Any CPU.ActiveCfg = Release|Any CPU
		{AE7A4439-1181-4B3B-B99C-C5AE4B278A86}.Release|Any CPU.Build.0 = Release|Any CPU
	EndGlobalSection
	GlobalSection(SolutionProperties) = preSolution
		HideSolutionNode = FALSE
	EndGlobalSection
	GlobalSection(NestedProjects) = preSolution
		{F4F6D1F6-F899-4013-9B3E-B2DF60993387} = {70619E90-61B0-4506-AA9D-DF105DD32BFB}
		{3BCAE2C4-F29E-44C5-B34D-D6C9A87AF00E} = {4D730E6C-7C3E-4F91-871C-D80CC874A5A1}
		{093B50BF-F84C-4AC6-BB55-18839B1F3D97} = {70619E90-61B0-4506-AA9D-DF105DD32BFB}
		{B68F1EDE-0BFB-4487-82CF-621253D55D12} = {4D730E6C-7C3E-4F91-871C-D80CC874A5A1}
		{AE7A4439-1181-4B3B-B99C-C5AE4B278A86} = {70619E90-61B0-4506-AA9D-DF105DD32BFB}
	EndGlobalSection
	GlobalSection(ExtensibilityGlobals) = postSolution
		SolutionGuid = {7CD3DD4F-53E4-4BD8-8E71-CBAE7C4F5F55}
	EndGlobalSection
EndGlobal
